// !$*UTF8*$!
{
	archiveVersion = 1;
	classes = {
	};
	objectVersion = 55;
	objects = {

/* Begin PBXBuildFile section */
		2F9552212AC412C700DEC7A5 /* Service.swift in Sources */ = {isa = PBXBuildFile; fileRef = 2F9552202AC412C700DEC7A5 /* Service.swift */; };
		2F9552512AC414C500DEC7A5 /* TextField.swift in Sources */ = {isa = PBXBuildFile; fileRef = 2F9552502AC414C500DEC7A5 /* TextField.swift */; };
		2F9552532AC414E500DEC7A5 /* LoginScreenView.swift in Sources */ = {isa = PBXBuildFile; fileRef = 2F9552522AC414E500DEC7A5 /* LoginScreenView.swift */; };
		2F9552552AC416FB00DEC7A5 /* LoginViewController.swift in Sources */ = {isa = PBXBuildFile; fileRef = 2F9552542AC416FB00DEC7A5 /* LoginViewController.swift */; };
		2F9552572AC4170400DEC7A5 /* LoginViewModel.swift in Sources */ = {isa = PBXBuildFile; fileRef = 2F9552562AC4170400DEC7A5 /* LoginViewModel.swift */; };
		2F95525B2AC4176000DEC7A5 /* Model.swift in Sources */ = {isa = PBXBuildFile; fileRef = 2F95525A2AC4176000DEC7A5 /* Model.swift */; };
		2F95525E2AC4261B00DEC7A5 /* AuthManager.swift in Sources */ = {isa = PBXBuildFile; fileRef = 2F95525D2AC4261B00DEC7A5 /* AuthManager.swift */; };
		2F9552622AC4304200DEC7A5 /* SplashScreenView.swift in Sources */ = {isa = PBXBuildFile; fileRef = 2F9552612AC4304200DEC7A5 /* SplashScreenView.swift */; };
		2F9552642AC430D000DEC7A5 /* SplashViewController.swift in Sources */ = {isa = PBXBuildFile; fileRef = 2F9552632AC430D000DEC7A5 /* SplashViewController.swift */; };
		2F9552662AC43BBF00DEC7A5 /* RegistrationScreenView.swift in Sources */ = {isa = PBXBuildFile; fileRef = 2F9552652AC43BBF00DEC7A5 /* RegistrationScreenView.swift */; };
		2F9552682AC43BFA00DEC7A5 /* RegistrationViewController.swift in Sources */ = {isa = PBXBuildFile; fileRef = 2F9552672AC43BFA00DEC7A5 /* RegistrationViewController.swift */; };
		2F95526A2AC43C3500DEC7A5 /* RegistrationViewModel.swift in Sources */ = {isa = PBXBuildFile; fileRef = 2F9552692AC43C3500DEC7A5 /* RegistrationViewModel.swift */; };
		2F95526C2AC4409200DEC7A5 /* InfoScreenView.swift in Sources */ = {isa = PBXBuildFile; fileRef = 2F95526B2AC4409200DEC7A5 /* InfoScreenView.swift */; };
		2F95526E2AC440A500DEC7A5 /* InfoViewController.swift in Sources */ = {isa = PBXBuildFile; fileRef = 2F95526D2AC440A500DEC7A5 /* InfoViewController.swift */; };
		CE16297A2A29F12400AD0362 /* AppDelegate.swift in Sources */ = {isa = PBXBuildFile; fileRef = CE1629792A29F12400AD0362 /* AppDelegate.swift */; };
		CE16297C2A29F12400AD0362 /* SceneDelegate.swift in Sources */ = {isa = PBXBuildFile; fileRef = CE16297B2A29F12400AD0362 /* SceneDelegate.swift */; };
		CE16297E2A29F12400AD0362 /* ViewController.swift in Sources */ = {isa = PBXBuildFile; fileRef = CE16297D2A29F12400AD0362 /* ViewController.swift */; };
		CE1629812A29F12400AD0362 /* Main.storyboard in Resources */ = {isa = PBXBuildFile; fileRef = CE16297F2A29F12400AD0362 /* Main.storyboard */; };
		CE1629832A29F12600AD0362 /* Assets.xcassets in Resources */ = {isa = PBXBuildFile; fileRef = CE1629822A29F12600AD0362 /* Assets.xcassets */; };
		CE1629862A29F12600AD0362 /* LaunchScreen.storyboard in Resources */ = {isa = PBXBuildFile; fileRef = CE1629842A29F12600AD0362 /* LaunchScreen.storyboard */; };
		CE16298F2A29F18200AD0362 /* BaseView.swift in Sources */ = {isa = PBXBuildFile; fileRef = CE16298E2A29F18200AD0362 /* BaseView.swift */; };
		CE1629912A29F1A300AD0362 /* BaseViewController.swift in Sources */ = {isa = PBXBuildFile; fileRef = CE1629902A29F1A300AD0362 /* BaseViewController.swift */; };
		F40481DB1D58BCEC7173DAB4 /* Pods_neobis_ios_auth.framework in Frameworks */ = {isa = PBXBuildFile; fileRef = E13F59124DC83FA4FEF24CCF /* Pods_neobis_ios_auth.framework */; };
/* End PBXBuildFile section */

/* Begin PBXFileReference section */
		2F9552202AC412C700DEC7A5 /* Service.swift */ = {isa = PBXFileReference; lastKnownFileType = sourcecode.swift; path = Service.swift; sourceTree = "<group>"; };
		2F95523A2AC4132100DEC7A5 /* gothampro_medium.ttf */ = {isa = PBXFileReference; lastKnownFileType = file; path = gothampro_medium.ttf; sourceTree = "<group>"; };
		2F95523B2AC4132100DEC7A5 /* gothampro.ttf */ = {isa = PBXFileReference; lastKnownFileType = file; path = gothampro.ttf; sourceTree = "<group>"; };
		2F95523C2AC4132100DEC7A5 /* gothampro_black.ttf */ = {isa = PBXFileReference; lastKnownFileType = file; path = gothampro_black.ttf; sourceTree = "<group>"; };
		2F95523D2AC4132100DEC7A5 /* gothampro_italic.ttf */ = {isa = PBXFileReference; lastKnownFileType = file; path = gothampro_italic.ttf; sourceTree = "<group>"; };
		2F95523E2AC4132100DEC7A5 /* gothampro_light.ttf */ = {isa = PBXFileReference; lastKnownFileType = file; path = gothampro_light.ttf; sourceTree = "<group>"; };
		2F95523F2AC4132200DEC7A5 /* gothampro_mediumitalic.ttf */ = {isa = PBXFileReference; lastKnownFileType = file; path = gothampro_mediumitalic.ttf; sourceTree = "<group>"; };
		2F9552402AC4132200DEC7A5 /* gothampro_bold.ttf */ = {isa = PBXFileReference; lastKnownFileType = file; path = gothampro_bold.ttf; sourceTree = "<group>"; };
		2F9552412AC4132200DEC7A5 /* gothampro_blackitalic.ttf */ = {isa = PBXFileReference; lastKnownFileType = file; path = gothampro_blackitalic.ttf; sourceTree = "<group>"; };
		2F9552422AC4132200DEC7A5 /* gothampro_lightitalic.ttf */ = {isa = PBXFileReference; lastKnownFileType = file; path = gothampro_lightitalic.ttf; sourceTree = "<group>"; };
		2F9552432AC4132200DEC7A5 /* gothampro_bolditalic.ttf */ = {isa = PBXFileReference; lastKnownFileType = file; path = gothampro_bolditalic.ttf; sourceTree = "<group>"; };
		2F9552502AC414C500DEC7A5 /* TextField.swift */ = {isa = PBXFileReference; lastKnownFileType = sourcecode.swift; path = TextField.swift; sourceTree = "<group>"; };
		2F9552522AC414E500DEC7A5 /* LoginScreenView.swift */ = {isa = PBXFileReference; lastKnownFileType = sourcecode.swift; path = LoginScreenView.swift; sourceTree = "<group>"; };
		2F9552542AC416FB00DEC7A5 /* LoginViewController.swift */ = {isa = PBXFileReference; lastKnownFileType = sourcecode.swift; path = LoginViewController.swift; sourceTree = "<group>"; };
		2F9552562AC4170400DEC7A5 /* LoginViewModel.swift */ = {isa = PBXFileReference; lastKnownFileType = sourcecode.swift; path = LoginViewModel.swift; sourceTree = "<group>"; };
		2F95525A2AC4176000DEC7A5 /* Model.swift */ = {isa = PBXFileReference; lastKnownFileType = sourcecode.swift; path = Model.swift; sourceTree = "<group>"; };
		2F95525D2AC4261B00DEC7A5 /* AuthManager.swift */ = {isa = PBXFileReference; lastKnownFileType = sourcecode.swift; path = AuthManager.swift; sourceTree = "<group>"; };
		2F9552612AC4304200DEC7A5 /* SplashScreenView.swift */ = {isa = PBXFileReference; lastKnownFileType = sourcecode.swift; path = SplashScreenView.swift; sourceTree = "<group>"; };
		2F9552632AC430D000DEC7A5 /* SplashViewController.swift */ = {isa = PBXFileReference; lastKnownFileType = sourcecode.swift; path = SplashViewController.swift; sourceTree = "<group>"; };
		2F9552652AC43BBF00DEC7A5 /* RegistrationScreenView.swift */ = {isa = PBXFileReference; lastKnownFileType = sourcecode.swift; path = RegistrationScreenView.swift; sourceTree = "<group>"; };
		2F9552672AC43BFA00DEC7A5 /* RegistrationViewController.swift */ = {isa = PBXFileReference; lastKnownFileType = sourcecode.swift; path = RegistrationViewController.swift; sourceTree = "<group>"; };
		2F9552692AC43C3500DEC7A5 /* RegistrationViewModel.swift */ = {isa = PBXFileReference; lastKnownFileType = sourcecode.swift; path = RegistrationViewModel.swift; sourceTree = "<group>"; };
		2F95526B2AC4409200DEC7A5 /* InfoScreenView.swift */ = {isa = PBXFileReference; lastKnownFileType = sourcecode.swift; path = InfoScreenView.swift; sourceTree = "<group>"; };
		2F95526D2AC440A500DEC7A5 /* InfoViewController.swift */ = {isa = PBXFileReference; lastKnownFileType = sourcecode.swift; path = InfoViewController.swift; sourceTree = "<group>"; };
		768253897376BC17AD373BA2 /* Pods-neobis_ios_auth.debug.xcconfig */ = {isa = PBXFileReference; includeInIndex = 1; lastKnownFileType = text.xcconfig; name = "Pods-neobis_ios_auth.debug.xcconfig"; path = "Target Support Files/Pods-neobis_ios_auth/Pods-neobis_ios_auth.debug.xcconfig"; sourceTree = "<group>"; };
		CE1629762A29F12400AD0362 /* neobis_ios_auth.app */ = {isa = PBXFileReference; explicitFileType = wrapper.application; includeInIndex = 0; path = neobis_ios_auth.app; sourceTree = BUILT_PRODUCTS_DIR; };
		CE1629792A29F12400AD0362 /* AppDelegate.swift */ = {isa = PBXFileReference; lastKnownFileType = sourcecode.swift; path = AppDelegate.swift; sourceTree = "<group>"; };
		CE16297B2A29F12400AD0362 /* SceneDelegate.swift */ = {isa = PBXFileReference; lastKnownFileType = sourcecode.swift; path = SceneDelegate.swift; sourceTree = "<group>"; };
		CE16297D2A29F12400AD0362 /* ViewController.swift */ = {isa = PBXFileReference; lastKnownFileType = sourcecode.swift; path = ViewController.swift; sourceTree = "<group>"; };
		CE1629802A29F12400AD0362 /* Base */ = {isa = PBXFileReference; lastKnownFileType = file.storyboard; name = Base; path = Base.lproj/Main.storyboard; sourceTree = "<group>"; };
		CE1629822A29F12600AD0362 /* Assets.xcassets */ = {isa = PBXFileReference; lastKnownFileType = folder.assetcatalog; path = Assets.xcassets; sourceTree = "<group>"; };
		CE1629852A29F12600AD0362 /* Base */ = {isa = PBXFileReference; lastKnownFileType = file.storyboard; name = Base; path = Base.lproj/LaunchScreen.storyboard; sourceTree = "<group>"; };
		CE1629872A29F12600AD0362 /* Info.plist */ = {isa = PBXFileReference; lastKnownFileType = text.plist.xml; path = Info.plist; sourceTree = "<group>"; };
		CE16298E2A29F18200AD0362 /* BaseView.swift */ = {isa = PBXFileReference; lastKnownFileType = sourcecode.swift; path = BaseView.swift; sourceTree = "<group>"; };
		CE1629902A29F1A300AD0362 /* BaseViewController.swift */ = {isa = PBXFileReference; lastKnownFileType = sourcecode.swift; path = BaseViewController.swift; sourceTree = "<group>"; };
		E13F59124DC83FA4FEF24CCF /* Pods_neobis_ios_auth.framework */ = {isa = PBXFileReference; explicitFileType = wrapper.framework; includeInIndex = 0; path = Pods_neobis_ios_auth.framework; sourceTree = BUILT_PRODUCTS_DIR; };
		E55639CA7C8BB165709012E8 /* Pods-neobis_ios_auth.release.xcconfig */ = {isa = PBXFileReference; includeInIndex = 1; lastKnownFileType = text.xcconfig; name = "Pods-neobis_ios_auth.release.xcconfig"; path = "Target Support Files/Pods-neobis_ios_auth/Pods-neobis_ios_auth.release.xcconfig"; sourceTree = "<group>"; };
/* End PBXFileReference section */

/* Begin PBXFrameworksBuildPhase section */
		CE1629732A29F12400AD0362 /* Frameworks */ = {
			isa = PBXFrameworksBuildPhase;
			buildActionMask = 2147483647;
			files = (
				F40481DB1D58BCEC7173DAB4 /* Pods_neobis_ios_auth.framework in Frameworks */,
			);
			runOnlyForDeploymentPostprocessing = 0;
		};
/* End PBXFrameworksBuildPhase section */

/* Begin PBXGroup section */
		2F95521F2AC412BB00DEC7A5 /* Service */ = {
			isa = PBXGroup;
			children = (
				2F9552202AC412C700DEC7A5 /* Service.swift */,
			);
			path = Service;
			sourceTree = "<group>";
		};
		2F9552222AC412D700DEC7A5 /* Delegate */ = {
			isa = PBXGroup;
			children = (
				CE1629792A29F12400AD0362 /* AppDelegate.swift */,
				CE16297B2A29F12400AD0362 /* SceneDelegate.swift */,
			);
			path = Delegate;
			sourceTree = "<group>";
		};
		2F9552392AC4132100DEC7A5 /* Fonts */ = {
			isa = PBXGroup;
			children = (
				2F95523F2AC4132200DEC7A5 /* gothampro_mediumitalic.ttf */,
				2F95523A2AC4132100DEC7A5 /* gothampro_medium.ttf */,
				2F95523B2AC4132100DEC7A5 /* gothampro.ttf */,
				2F9552402AC4132200DEC7A5 /* gothampro_bold.ttf */,
				2F95523C2AC4132100DEC7A5 /* gothampro_black.ttf */,
				2F95523D2AC4132100DEC7A5 /* gothampro_italic.ttf */,
				2F95523E2AC4132100DEC7A5 /* gothampro_light.ttf */,
				2F9552422AC4132200DEC7A5 /* gothampro_lightitalic.ttf */,
				2F9552412AC4132200DEC7A5 /* gothampro_blackitalic.ttf */,
				2F9552432AC4132200DEC7A5 /* gothampro_bolditalic.ttf */,
			);
			path = Fonts;
			sourceTree = "<group>";
		};
		2F9552442AC4135800DEC7A5 /* Flow */ = {
			isa = PBXGroup;
			children = (
				2F95524E2AC413F600DEC7A5 /* LoginScreen */,
				2F95524D2AC413EE00DEC7A5 /* SplashScreen */,
				2F95524C2AC413DD00DEC7A5 /* RegistrationScreen */,
				2F95524B2AC413D600DEC7A5 /* ResetPasswordScreen */,
				2F9552482AC413A800DEC7A5 /* EmailConfirmScreen */,
				2F9552472AC4139800DEC7A5 /* PopUp */,
				2F9552462AC4138700DEC7A5 /* InfoScreen */,
				2F9552452AC4135E00DEC7A5 /* CreatePassword */,
			);
			path = Flow;
			sourceTree = "<group>";
		};
		2F9552452AC4135E00DEC7A5 /* CreatePassword */ = {
			isa = PBXGroup;
			children = (
			);
			path = CreatePassword;
			sourceTree = "<group>";
		};
		2F9552462AC4138700DEC7A5 /* InfoScreen */ = {
			isa = PBXGroup;
			children = (
				2F95526B2AC4409200DEC7A5 /* InfoScreenView.swift */,
				2F95526D2AC440A500DEC7A5 /* InfoViewController.swift */,
			);
			path = InfoScreen;
			sourceTree = "<group>";
		};
		2F9552472AC4139800DEC7A5 /* PopUp */ = {
			isa = PBXGroup;
			children = (
			);
			path = PopUp;
			sourceTree = "<group>";
		};
		2F9552482AC413A800DEC7A5 /* EmailConfirmScreen */ = {
			isa = PBXGroup;
			children = (
			);
			path = EmailConfirmScreen;
			sourceTree = "<group>";
		};
		2F9552492AC413B600DEC7A5 /* Custom */ = {
			isa = PBXGroup;
			children = (
				2F95524A2AC413C300DEC7A5 /* TextField */,
			);
			path = Custom;
			sourceTree = "<group>";
		};
		2F95524A2AC413C300DEC7A5 /* TextField */ = {
			isa = PBXGroup;
			children = (
				2F9552502AC414C500DEC7A5 /* TextField.swift */,
			);
			path = TextField;
			sourceTree = "<group>";
		};
		2F95524B2AC413D600DEC7A5 /* ResetPasswordScreen */ = {
			isa = PBXGroup;
			children = (
			);
			path = ResetPasswordScreen;
			sourceTree = "<group>";
		};
		2F95524C2AC413DD00DEC7A5 /* RegistrationScreen */ = {
			isa = PBXGroup;
			children = (
				2F9552672AC43BFA00DEC7A5 /* RegistrationViewController.swift */,
				2F9552692AC43C3500DEC7A5 /* RegistrationViewModel.swift */,
				2F9552652AC43BBF00DEC7A5 /* RegistrationScreenView.swift */,
			);
			path = RegistrationScreen;
			sourceTree = "<group>";
		};
		2F95524D2AC413EE00DEC7A5 /* SplashScreen */ = {
			isa = PBXGroup;
			children = (
				2F9552612AC4304200DEC7A5 /* SplashScreenView.swift */,
				2F9552632AC430D000DEC7A5 /* SplashViewController.swift */,
			);
			path = SplashScreen;
			sourceTree = "<group>";
		};
		2F95524E2AC413F600DEC7A5 /* LoginScreen */ = {
			isa = PBXGroup;
			children = (
				2F9552522AC414E500DEC7A5 /* LoginScreenView.swift */,
				2F9552542AC416FB00DEC7A5 /* LoginViewController.swift */,
				2F9552562AC4170400DEC7A5 /* LoginViewModel.swift */,
			);
			path = LoginScreen;
			sourceTree = "<group>";
		};
		2F95524F2AC4141400DEC7A5 /* Model */ = {
			isa = PBXGroup;
			children = (
				2F95525A2AC4176000DEC7A5 /* Model.swift */,
			);
			path = Model;
			sourceTree = "<group>";
		};
		2F95525C2AC4260A00DEC7A5 /* AuthManager */ = {
			isa = PBXGroup;
			children = (
				2F95525D2AC4261B00DEC7A5 /* AuthManager.swift */,
			);
			path = AuthManager;
			sourceTree = "<group>";
		};
		B835EF938E7385AA73213658 /* Frameworks */ = {
			isa = PBXGroup;
			children = (
				E13F59124DC83FA4FEF24CCF /* Pods_neobis_ios_auth.framework */,
			);
			name = Frameworks;
			sourceTree = "<group>";
		};
		CE16296D2A29F12400AD0362 = {
			isa = PBXGroup;
			children = (
				CE1629782A29F12400AD0362 /* neobis_ios_auth */,
				CE1629772A29F12400AD0362 /* Products */,
				DB06EA055BB852484622A343 /* Pods */,
				B835EF938E7385AA73213658 /* Frameworks */,
			);
			sourceTree = "<group>";
		};
		CE1629772A29F12400AD0362 /* Products */ = {
			isa = PBXGroup;
			children = (
				CE1629762A29F12400AD0362 /* neobis_ios_auth.app */,
			);
			name = Products;
			sourceTree = "<group>";
		};
		CE1629782A29F12400AD0362 /* neobis_ios_auth */ = {
			isa = PBXGroup;
			children = (
				2F95525C2AC4260A00DEC7A5 /* AuthManager */,
				2F95524F2AC4141400DEC7A5 /* Model */,
				2F9552492AC413B600DEC7A5 /* Custom */,
				2F9552442AC4135800DEC7A5 /* Flow */,
				2F9552392AC4132100DEC7A5 /* Fonts */,
				2F9552222AC412D700DEC7A5 /* Delegate */,
				2F95521F2AC412BB00DEC7A5 /* Service */,
				CE16298D2A29F16100AD0362 /* Base */,
				CE16297D2A29F12400AD0362 /* ViewController.swift */,
				CE16297F2A29F12400AD0362 /* Main.storyboard */,
				CE1629822A29F12600AD0362 /* Assets.xcassets */,
				CE1629842A29F12600AD0362 /* LaunchScreen.storyboard */,
				CE1629872A29F12600AD0362 /* Info.plist */,
			);
			path = neobis_ios_auth;
			sourceTree = "<group>";
		};
		CE16298D2A29F16100AD0362 /* Base */ = {
			isa = PBXGroup;
			children = (
				CE16298E2A29F18200AD0362 /* BaseView.swift */,
				CE1629902A29F1A300AD0362 /* BaseViewController.swift */,
			);
			path = Base;
			sourceTree = "<group>";
		};
		DB06EA055BB852484622A343 /* Pods */ = {
			isa = PBXGroup;
			children = (
				768253897376BC17AD373BA2 /* Pods-neobis_ios_auth.debug.xcconfig */,
				E55639CA7C8BB165709012E8 /* Pods-neobis_ios_auth.release.xcconfig */,
			);
			path = Pods;
			sourceTree = "<group>";
		};
/* End PBXGroup section */

/* Begin PBXNativeTarget section */
		CE1629752A29F12400AD0362 /* neobis_ios_auth */ = {
			isa = PBXNativeTarget;
			buildConfigurationList = CE16298A2A29F12600AD0362 /* Build configuration list for PBXNativeTarget "neobis_ios_auth" */;
			buildPhases = (
				7DD4E88CEBE24ACB9A439E46 /* [CP] Check Pods Manifest.lock */,
				CE1629722A29F12400AD0362 /* Sources */,
				CE1629732A29F12400AD0362 /* Frameworks */,
				CE1629742A29F12400AD0362 /* Resources */,
				2232F0FC9EB56F32078952C7 /* [CP] Embed Pods Frameworks */,
			);
			buildRules = (
			);
			dependencies = (
			);
			name = neobis_ios_auth;
			productName = neobis_ios_auth;
			productReference = CE1629762A29F12400AD0362 /* neobis_ios_auth.app */;
			productType = "com.apple.product-type.application";
		};
/* End PBXNativeTarget section */

/* Begin PBXProject section */
		CE16296E2A29F12400AD0362 /* Project object */ = {
			isa = PBXProject;
			attributes = {
				BuildIndependentTargetsInParallel = 1;
				LastSwiftUpdateCheck = 1320;
				LastUpgradeCheck = 1320;
				TargetAttributes = {
					CE1629752A29F12400AD0362 = {
						CreatedOnToolsVersion = 13.2.1;
					};
				};
			};
			buildConfigurationList = CE1629712A29F12400AD0362 /* Build configuration list for PBXProject "neobis_ios_auth" */;
			compatibilityVersion = "Xcode 13.0";
			developmentRegion = en;
			hasScannedForEncodings = 0;
			knownRegions = (
				en,
				Base,
			);
			mainGroup = CE16296D2A29F12400AD0362;
			productRefGroup = CE1629772A29F12400AD0362 /* Products */;
			projectDirPath = "";
			projectRoot = "";
			targets = (
				CE1629752A29F12400AD0362 /* neobis_ios_auth */,
			);
		};
/* End PBXProject section */

/* Begin PBXResourcesBuildPhase section */
		CE1629742A29F12400AD0362 /* Resources */ = {
			isa = PBXResourcesBuildPhase;
			buildActionMask = 2147483647;
			files = (
				CE1629862A29F12600AD0362 /* LaunchScreen.storyboard in Resources */,
				CE1629832A29F12600AD0362 /* Assets.xcassets in Resources */,
				CE1629812A29F12400AD0362 /* Main.storyboard in Resources */,
			);
			runOnlyForDeploymentPostprocessing = 0;
		};
/* End PBXResourcesBuildPhase section */

/* Begin PBXShellScriptBuildPhase section */
		2232F0FC9EB56F32078952C7 /* [CP] Embed Pods Frameworks */ = {
			isa = PBXShellScriptBuildPhase;
			buildActionMask = 2147483647;
			files = (
			);
			inputFileListPaths = (
				"${PODS_ROOT}/Target Support Files/Pods-neobis_ios_auth/Pods-neobis_ios_auth-frameworks-${CONFIGURATION}-input-files.xcfilelist",
			);
			name = "[CP] Embed Pods Frameworks";
			outputFileListPaths = (
				"${PODS_ROOT}/Target Support Files/Pods-neobis_ios_auth/Pods-neobis_ios_auth-frameworks-${CONFIGURATION}-output-files.xcfilelist",
			);
			runOnlyForDeploymentPostprocessing = 0;
			shellPath = /bin/sh;
			shellScript = "\"${PODS_ROOT}/Target Support Files/Pods-neobis_ios_auth/Pods-neobis_ios_auth-frameworks.sh\"\n";
			showEnvVarsInLog = 0;
		};
		7DD4E88CEBE24ACB9A439E46 /* [CP] Check Pods Manifest.lock */ = {
			isa = PBXShellScriptBuildPhase;
			buildActionMask = 2147483647;
			files = (
			);
			inputFileListPaths = (
			);
			inputPaths = (
				"${PODS_PODFILE_DIR_PATH}/Podfile.lock",
				"${PODS_ROOT}/Manifest.lock",
			);
			name = "[CP] Check Pods Manifest.lock";
			outputFileListPaths = (
			);
			outputPaths = (
				"$(DERIVED_FILE_DIR)/Pods-neobis_ios_auth-checkManifestLockResult.txt",
			);
			runOnlyForDeploymentPostprocessing = 0;
			shellPath = /bin/sh;
			shellScript = "diff \"${PODS_PODFILE_DIR_PATH}/Podfile.lock\" \"${PODS_ROOT}/Manifest.lock\" > /dev/null\nif [ $? != 0 ] ; then\n    # print error to STDERR\n    echo \"error: The sandbox is not in sync with the Podfile.lock. Run 'pod install' or update your CocoaPods installation.\" >&2\n    exit 1\nfi\n# This output is used by Xcode 'outputs' to avoid re-running this script phase.\necho \"SUCCESS\" > \"${SCRIPT_OUTPUT_FILE_0}\"\n";
			showEnvVarsInLog = 0;
		};
/* End PBXShellScriptBuildPhase section */

/* Begin PBXSourcesBuildPhase section */
		CE1629722A29F12400AD0362 /* Sources */ = {
			isa = PBXSourcesBuildPhase;
			buildActionMask = 2147483647;
			files = (
				2F9552552AC416FB00DEC7A5 /* LoginViewController.swift in Sources */,
				2F95526A2AC43C3500DEC7A5 /* RegistrationViewModel.swift in Sources */,
				2F95526C2AC4409200DEC7A5 /* InfoScreenView.swift in Sources */,
				2F9552622AC4304200DEC7A5 /* SplashScreenView.swift in Sources */,
				2F95525E2AC4261B00DEC7A5 /* AuthManager.swift in Sources */,
				CE1629912A29F1A300AD0362 /* BaseViewController.swift in Sources */,
				CE16297E2A29F12400AD0362 /* ViewController.swift in Sources */,
				2F9552642AC430D000DEC7A5 /* SplashViewController.swift in Sources */,
				CE16297A2A29F12400AD0362 /* AppDelegate.swift in Sources */,
				2F9552512AC414C500DEC7A5 /* TextField.swift in Sources */,
				2F9552662AC43BBF00DEC7A5 /* RegistrationScreenView.swift in Sources */,
				2F9552532AC414E500DEC7A5 /* LoginScreenView.swift in Sources */,
				2F9552682AC43BFA00DEC7A5 /* RegistrationViewController.swift in Sources */,
				CE16297C2A29F12400AD0362 /* SceneDelegate.swift in Sources */,
				CE16298F2A29F18200AD0362 /* BaseView.swift in Sources */,
				2F95525B2AC4176000DEC7A5 /* Model.swift in Sources */,
				2F9552572AC4170400DEC7A5 /* LoginViewModel.swift in Sources */,
				2F9552212AC412C700DEC7A5 /* Service.swift in Sources */,
				2F95526E2AC440A500DEC7A5 /* InfoViewController.swift in Sources */,
			);
			runOnlyForDeploymentPostprocessing = 0;
		};
/* End PBXSourcesBuildPhase section */

/* Begin PBXVariantGroup section */
		CE16297F2A29F12400AD0362 /* Main.storyboard */ = {
			isa = PBXVariantGroup;
			children = (
				CE1629802A29F12400AD0362 /* Base */,
			);
			name = Main.storyboard;
			sourceTree = "<group>";
		};
		CE1629842A29F12600AD0362 /* LaunchScreen.storyboard */ = {
			isa = PBXVariantGroup;
			children = (
				CE1629852A29F12600AD0362 /* Base */,
			);
			name = LaunchScreen.storyboard;
			sourceTree = "<group>";
		};
/* End PBXVariantGroup section */

/* Begin XCBuildConfiguration section */
		CE1629882A29F12600AD0362 /* Debug */ = {
			isa = XCBuildConfiguration;
			buildSettings = {
				ALWAYS_SEARCH_USER_PATHS = NO;
				CLANG_ANALYZER_NONNULL = YES;
				CLANG_ANALYZER_NUMBER_OBJECT_CONVERSION = YES_AGGRESSIVE;
				CLANG_CXX_LANGUAGE_STANDARD = "gnu++17";
				CLANG_CXX_LIBRARY = "libc++";
				CLANG_ENABLE_MODULES = YES;
				CLANG_ENABLE_OBJC_ARC = YES;
				CLANG_ENABLE_OBJC_WEAK = YES;
				CLANG_WARN_BLOCK_CAPTURE_AUTORELEASING = YES;
				CLANG_WARN_BOOL_CONVERSION = YES;
				CLANG_WARN_COMMA = YES;
				CLANG_WARN_CONSTANT_CONVERSION = YES;
				CLANG_WARN_DEPRECATED_OBJC_IMPLEMENTATIONS = YES;
				CLANG_WARN_DIRECT_OBJC_ISA_USAGE = YES_ERROR;
				CLANG_WARN_DOCUMENTATION_COMMENTS = YES;
				CLANG_WARN_EMPTY_BODY = YES;
				CLANG_WARN_ENUM_CONVERSION = YES;
				CLANG_WARN_INFINITE_RECURSION = YES;
				CLANG_WARN_INT_CONVERSION = YES;
				CLANG_WARN_NON_LITERAL_NULL_CONVERSION = YES;
				CLANG_WARN_OBJC_IMPLICIT_RETAIN_SELF = YES;
				CLANG_WARN_OBJC_LITERAL_CONVERSION = YES;
				CLANG_WARN_OBJC_ROOT_CLASS = YES_ERROR;
				CLANG_WARN_QUOTED_INCLUDE_IN_FRAMEWORK_HEADER = YES;
				CLANG_WARN_RANGE_LOOP_ANALYSIS = YES;
				CLANG_WARN_STRICT_PROTOTYPES = YES;
				CLANG_WARN_SUSPICIOUS_MOVE = YES;
				CLANG_WARN_UNGUARDED_AVAILABILITY = YES_AGGRESSIVE;
				CLANG_WARN_UNREACHABLE_CODE = YES;
				CLANG_WARN__DUPLICATE_METHOD_MATCH = YES;
				COPY_PHASE_STRIP = NO;
				DEBUG_INFORMATION_FORMAT = dwarf;
				ENABLE_STRICT_OBJC_MSGSEND = YES;
				ENABLE_TESTABILITY = YES;
				GCC_C_LANGUAGE_STANDARD = gnu11;
				GCC_DYNAMIC_NO_PIC = NO;
				GCC_NO_COMMON_BLOCKS = YES;
				GCC_OPTIMIZATION_LEVEL = 0;
				GCC_PREPROCESSOR_DEFINITIONS = (
					"DEBUG=1",
					"$(inherited)",
				);
				GCC_WARN_64_TO_32_BIT_CONVERSION = YES;
				GCC_WARN_ABOUT_RETURN_TYPE = YES_ERROR;
				GCC_WARN_UNDECLARED_SELECTOR = YES;
				GCC_WARN_UNINITIALIZED_AUTOS = YES_AGGRESSIVE;
				GCC_WARN_UNUSED_FUNCTION = YES;
				GCC_WARN_UNUSED_VARIABLE = YES;
				IPHONEOS_DEPLOYMENT_TARGET = 15.2;
				MTL_ENABLE_DEBUG_INFO = INCLUDE_SOURCE;
				MTL_FAST_MATH = YES;
				ONLY_ACTIVE_ARCH = YES;
				SDKROOT = iphoneos;
				SWIFT_ACTIVE_COMPILATION_CONDITIONS = DEBUG;
				SWIFT_OPTIMIZATION_LEVEL = "-Onone";
			};
			name = Debug;
		};
		CE1629892A29F12600AD0362 /* Release */ = {
			isa = XCBuildConfiguration;
			buildSettings = {
				ALWAYS_SEARCH_USER_PATHS = NO;
				CLANG_ANALYZER_NONNULL = YES;
				CLANG_ANALYZER_NUMBER_OBJECT_CONVERSION = YES_AGGRESSIVE;
				CLANG_CXX_LANGUAGE_STANDARD = "gnu++17";
				CLANG_CXX_LIBRARY = "libc++";
				CLANG_ENABLE_MODULES = YES;
				CLANG_ENABLE_OBJC_ARC = YES;
				CLANG_ENABLE_OBJC_WEAK = YES;
				CLANG_WARN_BLOCK_CAPTURE_AUTORELEASING = YES;
				CLANG_WARN_BOOL_CONVERSION = YES;
				CLANG_WARN_COMMA = YES;
				CLANG_WARN_CONSTANT_CONVERSION = YES;
				CLANG_WARN_DEPRECATED_OBJC_IMPLEMENTATIONS = YES;
				CLANG_WARN_DIRECT_OBJC_ISA_USAGE = YES_ERROR;
				CLANG_WARN_DOCUMENTATION_COMMENTS = YES;
				CLANG_WARN_EMPTY_BODY = YES;
				CLANG_WARN_ENUM_CONVERSION = YES;
				CLANG_WARN_INFINITE_RECURSION = YES;
				CLANG_WARN_INT_CONVERSION = YES;
				CLANG_WARN_NON_LITERAL_NULL_CONVERSION = YES;
				CLANG_WARN_OBJC_IMPLICIT_RETAIN_SELF = YES;
				CLANG_WARN_OBJC_LITERAL_CONVERSION = YES;
				CLANG_WARN_OBJC_ROOT_CLASS = YES_ERROR;
				CLANG_WARN_QUOTED_INCLUDE_IN_FRAMEWORK_HEADER = YES;
				CLANG_WARN_RANGE_LOOP_ANALYSIS = YES;
				CLANG_WARN_STRICT_PROTOTYPES = YES;
				CLANG_WARN_SUSPICIOUS_MOVE = YES;
				CLANG_WARN_UNGUARDED_AVAILABILITY = YES_AGGRESSIVE;
				CLANG_WARN_UNREACHABLE_CODE = YES;
				CLANG_WARN__DUPLICATE_METHOD_MATCH = YES;
				COPY_PHASE_STRIP = NO;
				DEBUG_INFORMATION_FORMAT = "dwarf-with-dsym";
				ENABLE_NS_ASSERTIONS = NO;
				ENABLE_STRICT_OBJC_MSGSEND = YES;
				GCC_C_LANGUAGE_STANDARD = gnu11;
				GCC_NO_COMMON_BLOCKS = YES;
				GCC_WARN_64_TO_32_BIT_CONVERSION = YES;
				GCC_WARN_ABOUT_RETURN_TYPE = YES_ERROR;
				GCC_WARN_UNDECLARED_SELECTOR = YES;
				GCC_WARN_UNINITIALIZED_AUTOS = YES_AGGRESSIVE;
				GCC_WARN_UNUSED_FUNCTION = YES;
				GCC_WARN_UNUSED_VARIABLE = YES;
				IPHONEOS_DEPLOYMENT_TARGET = 15.2;
				MTL_ENABLE_DEBUG_INFO = NO;
				MTL_FAST_MATH = YES;
				SDKROOT = iphoneos;
				SWIFT_COMPILATION_MODE = wholemodule;
				SWIFT_OPTIMIZATION_LEVEL = "-O";
				VALIDATE_PRODUCT = YES;
			};
			name = Release;
		};
		CE16298B2A29F12600AD0362 /* Debug */ = {
			isa = XCBuildConfiguration;
			baseConfigurationReference = 768253897376BC17AD373BA2 /* Pods-neobis_ios_auth.debug.xcconfig */;
			buildSettings = {
				ASSETCATALOG_COMPILER_APPICON_NAME = AppIcon;
				ASSETCATALOG_COMPILER_GLOBAL_ACCENT_COLOR_NAME = AccentColor;
				CODE_SIGN_STYLE = Automatic;
				CURRENT_PROJECT_VERSION = 1;
				GENERATE_INFOPLIST_FILE = YES;
				INFOPLIST_FILE = neobis_ios_auth/Info.plist;
				INFOPLIST_KEY_UIApplicationSupportsIndirectInputEvents = YES;
				INFOPLIST_KEY_UILaunchStoryboardName = LaunchScreen;
				INFOPLIST_KEY_UIMainStoryboardFile = Main;
				INFOPLIST_KEY_UISupportedInterfaceOrientations_iPad = "UIInterfaceOrientationPortrait UIInterfaceOrientationPortraitUpsideDown UIInterfaceOrientationLandscapeLeft UIInterfaceOrientationLandscapeRight";
				INFOPLIST_KEY_UISupportedInterfaceOrientations_iPhone = "UIInterfaceOrientationPortrait UIInterfaceOrientationLandscapeLeft UIInterfaceOrientationLandscapeRight";
				LD_RUNPATH_SEARCH_PATHS = (
					"$(inherited)",
					"@executable_path/Frameworks",
				);
				MARKETING_VERSION = 1.0;
				PRODUCT_BUNDLE_IDENTIFIER = "sultan-medetbekov.neobis-ios-auth";
				PRODUCT_NAME = "$(TARGET_NAME)";
				SWIFT_EMIT_LOC_STRINGS = YES;
				SWIFT_VERSION = 5.0;
				TARGETED_DEVICE_FAMILY = "1,2";
			};
			name = Debug;
		};
		CE16298C2A29F12600AD0362 /* Release */ = {
			isa = XCBuildConfiguration;
			baseConfigurationReference = E55639CA7C8BB165709012E8 /* Pods-neobis_ios_auth.release.xcconfig */;
			buildSettings = {
				ASSETCATALOG_COMPILER_APPICON_NAME = AppIcon;
				ASSETCATALOG_COMPILER_GLOBAL_ACCENT_COLOR_NAME = AccentColor;
				CODE_SIGN_STYLE = Automatic;
				CURRENT_PROJECT_VERSION = 1;
				GENERATE_INFOPLIST_FILE = YES;
				INFOPLIST_FILE = neobis_ios_auth/Info.plist;
				INFOPLIST_KEY_UIApplicationSupportsIndirectInputEvents = YES;
				INFOPLIST_KEY_UILaunchStoryboardName = LaunchScreen;
				INFOPLIST_KEY_UIMainStoryboardFile = Main;
				INFOPLIST_KEY_UISupportedInterfaceOrientations_iPad = "UIInterfaceOrientationPortrait UIInterfaceOrientationPortraitUpsideDown UIInterfaceOrientationLandscapeLeft UIInterfaceOrientationLandscapeRight";
				INFOPLIST_KEY_UISupportedInterfaceOrientations_iPhone = "UIInterfaceOrientationPortrait UIInterfaceOrientationLandscapeLeft UIInterfaceOrientationLandscapeRight";
				LD_RUNPATH_SEARCH_PATHS = (
					"$(inherited)",
					"@executable_path/Frameworks",
				);
				MARKETING_VERSION = 1.0;
				PRODUCT_BUNDLE_IDENTIFIER = "sultan-medetbekov.neobis-ios-auth";
				PRODUCT_NAME = "$(TARGET_NAME)";
				SWIFT_EMIT_LOC_STRINGS = YES;
				SWIFT_VERSION = 5.0;
				TARGETED_DEVICE_FAMILY = "1,2";
			};
			name = Release;
		};
/* End XCBuildConfiguration section */

/* Begin XCConfigurationList section */
		CE1629712A29F12400AD0362 /* Build configuration list for PBXProject "neobis_ios_auth" */ = {
			isa = XCConfigurationList;
			buildConfigurations = (
				CE1629882A29F12600AD0362 /* Debug */,
				CE1629892A29F12600AD0362 /* Release */,
			);
			defaultConfigurationIsVisible = 0;
			defaultConfigurationName = Release;
		};
		CE16298A2A29F12600AD0362 /* Build configuration list for PBXNativeTarget "neobis_ios_auth" */ = {
			isa = XCConfigurationList;
			buildConfigurations = (
				CE16298B2A29F12600AD0362 /* Debug */,
				CE16298C2A29F12600AD0362 /* Release */,
			);
			defaultConfigurationIsVisible = 0;
			defaultConfigurationName = Release;
		};
/* End XCConfigurationList section */
	};
	rootObject = CE16296E2A29F12400AD0362 /* Project object */;
}
